
Microsoft Visual Studio Solution File, Format Version 12.00
# Visual Studio Version 16
VisualStudioVersion = 16.0.28822.285
MinimumVisualStudioVersion = 10.0.40219.1
Project("{FAE04EC0-301F-11D3-BF4B-00C04F79EFBC}") = "OOP_CRUD", "OOP_CRUD\OOP_CRUD.csproj", "{642F6526-D8D3-42B9-B114-D779C85DEC41}"
EndProject
Project("{FAE04EC0-301F-11D3-BF4B-00C04F79EFBC}") = "SerializerTest", "SerializerTest\SerializerTest.csproj", "{C79A22E5-D27B-4375-841A-0A5A4702C42F}"
EndProject
Global
	GlobalSection(SolutionConfigurationPlatforms) = preSolution
		Debug|Any CPU = Debug|Any CPU
		Release|Any CPU = Release|Any CPU
	EndGlobalSection
	GlobalSection(ProjectConfigurationPlatforms) = postSolution
		{642F6526-D8D3-42B9-B114-D779C85DEC41}.Debug|Any CPU.ActiveCfg = Debug|Any CPU
		{642F6526-D8D3-42B9-B114-D779C85DEC41}.Debug|Any CPU.Build.0 = Debug|Any CPU
		{642F6526-D8D3-42B9-B114-D779C85DEC41}.Release|Any CPU.ActiveCfg = Release|Any CPU
		{642F6526-D8D3-42B9-B114-D779C85DEC41}.Release|Any CPU.Build.0 = Release|Any CPU
		{C79A22E5-D27B-4375-841A-0A5A4702C42F}.Debug|Any CPU.ActiveCfg = Debug|Any CPU
		{C79A22E5-D27B-4375-841A-0A5A4702C42F}.Debug|Any CPU.Build.0 = Debug|Any CPU
		{C79A22E5-D27B-4375-841A-0A5A4702C42F}.Release|Any CPU.ActiveCfg = Release|Any CPU
		{C79A22E5-D27B-4375-841A-0A5A4702C42F}.Release|Any CPU.Build.0 = Release|Any CPU
	EndGlobalSection
	GlobalSection(SolutionProperties) = preSolution
		HideSolutionNode = FALSE
	EndGlobalSection
	GlobalSection(ExtensibilityGlobals) = postSolution
		SolutionGuid = {5F4DE13F-83AC-46DF-98AF-8FB7C2E8CE1D}
	EndGlobalSection
EndGlobal
